PODS:
  - Flutter (1.0.0)
  - integration_test (0.0.1):
    - Flutter
  - star_micronics_printer (0.0.1):
    - Flutter

DEPENDENCIES:
  - Flutter (from `Flutter`)
  - integration_test (from `.symlinks/plugins/integration_test/ios`)
  - star_micronics_printer (from `.symlinks/plugins/star_micronics_printer/ios`)

EXTERNAL SOURCES:
  Flutter:
    :path: Flutter
  integration_test:
    :path: ".symlinks/plugins/integration_test/ios"
  star_micronics_printer:
    :path: ".symlinks/plugins/star_micronics_printer/ios"

SPEC CHECKSUMS:
  Flutter: cabc95a1d2626b1b06e7179b784ebcf0c0cde467
  integration_test: 252f60fa39af5e17c3aa9899d35d908a0721b573
  star_micronics_printer: eec38fddf040144f54bb231e6b78c5e8b9df2bc5

PODFILE CHECKSUM: e30f02f9d1c72c47bb6344a0a748c9d268180865

COCOAPODS: 1.16.2
