{
  "originHash" : "627f6228d9d8e9eb9120438e868842b19156d9c7d5d142eafda1d217a0a49efa",
  "pins" : [
    {
      "identity" : "starxpand-sdk-ios",
      "kind" : "remoteSourceControl",
      "location" : "https://github.com/star-micronics/StarXpand-SDK-iOS",
      "state" : {
        "revision" : "61d29ba477fb53309afeb7ef55fddae516a03f44",
        "version" : "2.10.0"
      }
    }
  ],
  "version" : 3
}
